
Microsoft Visual Studio Solution File, Format Version 12.00
# Visual Studio 15
VisualStudioVersion = 15.0.26124.0
MinimumVisualStudioVersion = 15.0.26124.0
Project("{FAE04EC0-301F-11D3-BF4B-00C04F79EFBC}") = "R5T.Code.VisualStudio.Construction", "R5T.Code.VisualStudio.Construction\R5T.Code.VisualStudio.Construction.csproj", "{BE419D7A-B8F4-4E5D-BE6F-E10400183BDD}"
EndProject
Project("{FAE04EC0-301F-11D3-BF4B-00C04F79EFBC}") = "R5T.Code.VisualStudio", "R5T.Code.VisualStudio\R5T.Code.VisualStudio.csproj", "{08829A49-35A7-4800-9216-A1D343C08617}"
EndProject
Project("{FAE04EC0-301F-11D3-BF4B-00C04F79EFBC}") = "R5T.Code.VisualStudio.Testing", "R5T.Code.VisualStudio.Testing\R5T.Code.VisualStudio.Testing.csproj", "{2A04DEC4-B629-436F-974F-4572EFE8B38E}"
EndProject
Project("{9A19103F-16F7-4668-BE54-9A1E7A4F7556}") = "R5T.Code.VisualStudio.Types", "..\..\R5T.Code.VisualStudio.Types\source\R5T.Code.VisualStudio.Types\R5T.Code.VisualStudio.Types.csproj", "{AFF5FB6A-1575-4472-8001-CB998D82DB16}"
EndProject
Project("{2150E333-8FDC-42A3-9474-1A3956D46DE8}") = "_Dependencies", "_Dependencies", "{C0CDB5AA-BB33-4433-AF3F-2ADF8D5A671C}"
EndProject
Project("{9A19103F-16F7-4668-BE54-9A1E7A4F7556}") = "R5T.Code.VisualStudio.IO.Types", "..\..\R5T.Code.VisualStudio.IO.Types\source\R5T.Code.VisualStudio.IO.Types\R5T.Code.VisualStudio.IO.Types.csproj", "{8E051387-9ACF-4E7F-94FE-E1F4101FD0D9}"
EndProject
Project("{9A19103F-16F7-4668-BE54-9A1E7A4F7556}") = "R5T.NetStandard.IO.Paths.Types", "..\..\R5T.NetStandard.IO.Paths.Types\source\R5T.NetStandard.IO.Paths.Types\R5T.NetStandard.IO.Paths.Types.csproj", "{67FBC92A-A05E-41E7-AC5F-7A3255352415}"
EndProject
Project("{9A19103F-16F7-4668-BE54-9A1E7A4F7556}") = "R5T.NetStandard.TypedString", "..\..\R5T.NetStandard.TypedString\source\R5T.NetStandard.TypedString\R5T.NetStandard.TypedString.csproj", "{41BFC75C-F2AC-4C5B-A93F-B7BA4FD6AE6F}"
EndProject
Project("{9A19103F-16F7-4668-BE54-9A1E7A4F7556}") = "R5T.NetStandard.Types", "..\..\R5T.NetStandard.Types\source\R5T.NetStandard.Types\R5T.NetStandard.Types.csproj", "{7BCA63E0-B51A-4969-B8BC-18F7ADE0175C}"
EndProject
Project("{9A19103F-16F7-4668-BE54-9A1E7A4F7556}") = "R5T.Code.VisualStudio.Types.Core", "..\..\R5T.Code.VisualStudio.Types.Core\source\R5T.Code.VisualStudio.Types.Core\R5T.Code.VisualStudio.Types.Core.csproj", "{F481CE04-689F-4A0D-9B9E-5CD4B227C55E}"
EndProject
Project("{9A19103F-16F7-4668-BE54-9A1E7A4F7556}") = "R5T.NetStandard.IO.Paths", "..\..\R5T.NetStandard.IO.Paths\source\R5T.NetStandard.IO.Paths\R5T.NetStandard.IO.Paths.csproj", "{02AE6D3D-DB81-443F-B82D-67556CAFB536}"
EndProject
Project("{9A19103F-16F7-4668-BE54-9A1E7A4F7556}") = "R5T.NetStandard.OS", "..\..\R5T.NetStandard.OS\source\R5T.NetStandard.OS\R5T.NetStandard.OS.csproj", "{3E1232BE-DB71-4C98-925F-8B7B12A35390}"
EndProject
Project("{9A19103F-16F7-4668-BE54-9A1E7A4F7556}") = "R5T.NetStandard.IO.Types", "..\..\R5T.NetStandard.IO.Types\source\R5T.NetStandard.IO.Types\R5T.NetStandard.IO.Types.csproj", "{57DADF0C-495C-48DF-8009-478FF0AD5ACE}"
EndProject
Project("{9A19103F-16F7-4668-BE54-9A1E7A4F7556}") = "R5T.NetStandard.OS.Types", "..\..\R5T.NetStandard.OS.Types\source\R5T.NetStandard.OS.Types\R5T.NetStandard.OS.Types.csproj", "{8A500C3F-1E02-4D7A-B6EE-6C09B8074D13}"
EndProject
Project("{9A19103F-16F7-4668-BE54-9A1E7A4F7556}") = "R5T.Tools.Dotnet.Types", "..\..\R5T.Tools.Dotnet.Types\source\R5T.Tools.Dotnet.Types\R5T.Tools.Dotnet.Types.csproj", "{38C01044-B840-4339-B137-3D558CF4BBE2}"
EndProject
Project("{9A19103F-16F7-4668-BE54-9A1E7A4F7556}") = "R5T.Tools.NuGet.Types", "..\..\R5T.Tools.NuGet.Types\source\R5T.Tools.NuGet.Types\R5T.Tools.NuGet.Types.csproj", "{4187830D-5138-452B-94EC-A2C4A77FD0B9}"
EndProject
Global
	GlobalSection(SolutionConfigurationPlatforms) = preSolution
		Debug|Any CPU = Debug|Any CPU
		Debug|x64 = Debug|x64
		Debug|x86 = Debug|x86
		Release|Any CPU = Release|Any CPU
		Release|x64 = Release|x64
		Release|x86 = Release|x86
	EndGlobalSection
	GlobalSection(ProjectConfigurationPlatforms) = postSolution
		{BE419D7A-B8F4-4E5D-BE6F-E10400183BDD}.Debug|Any CPU.ActiveCfg = Debug|Any CPU
		{BE419D7A-B8F4-4E5D-BE6F-E10400183BDD}.Debug|Any CPU.Build.0 = Debug|Any CPU
		{BE419D7A-B8F4-4E5D-BE6F-E10400183BDD}.Debug|x64.ActiveCfg = Debug|Any CPU
		{BE419D7A-B8F4-4E5D-BE6F-E10400183BDD}.Debug|x64.Build.0 = Debug|Any CPU
		{BE419D7A-B8F4-4E5D-BE6F-E10400183BDD}.Debug|x86.ActiveCfg = Debug|Any CPU
		{BE419D7A-B8F4-4E5D-BE6F-E10400183BDD}.Debug|x86.Build.0 = Debug|Any CPU
		{BE419D7A-B8F4-4E5D-BE6F-E10400183BDD}.Release|Any CPU.ActiveCfg = Release|Any CPU
		{BE419D7A-B8F4-4E5D-BE6F-E10400183BDD}.Release|Any CPU.Build.0 = Release|Any CPU
		{BE419D7A-B8F4-4E5D-BE6F-E10400183BDD}.Release|x64.ActiveCfg = Release|Any CPU
		{BE419D7A-B8F4-4E5D-BE6F-E10400183BDD}.Release|x64.Build.0 = Release|Any CPU
		{BE419D7A-B8F4-4E5D-BE6F-E10400183BDD}.Release|x86.ActiveCfg = Release|Any CPU
		{BE419D7A-B8F4-4E5D-BE6F-E10400183BDD}.Release|x86.Build.0 = Release|Any CPU
		{08829A49-35A7-4800-9216-A1D343C08617}.Debug|Any CPU.ActiveCfg = Debug|Any CPU
		{08829A49-35A7-4800-9216-A1D343C08617}.Debug|Any CPU.Build.0 = Debug|Any CPU
		{08829A49-35A7-4800-9216-A1D343C08617}.Debug|x64.ActiveCfg = Debug|Any CPU
		{08829A49-35A7-4800-9216-A1D343C08617}.Debug|x64.Build.0 = Debug|Any CPU
		{08829A49-35A7-4800-9216-A1D343C08617}.Debug|x86.ActiveCfg = Debug|Any CPU
		{08829A49-35A7-4800-9216-A1D343C08617}.Debug|x86.Build.0 = Debug|Any CPU
		{08829A49-35A7-4800-9216-A1D343C08617}.Release|Any CPU.ActiveCfg = Release|Any CPU
		{08829A49-35A7-4800-9216-A1D343C08617}.Release|Any CPU.Build.0 = Release|Any CPU
		{08829A49-35A7-4800-9216-A1D343C08617}.Release|x64.ActiveCfg = Release|Any CPU
		{08829A49-35A7-4800-9216-A1D343C08617}.Release|x64.Build.0 = Release|Any CPU
		{08829A49-35A7-4800-9216-A1D343C08617}.Release|x86.ActiveCfg = Release|Any CPU
		{08829A49-35A7-4800-9216-A1D343C08617}.Release|x86.Build.0 = Release|Any CPU
		{2A04DEC4-B629-436F-974F-4572EFE8B38E}.Debug|Any CPU.ActiveCfg = Debug|Any CPU
		{2A04DEC4-B629-436F-974F-4572EFE8B38E}.Debug|Any CPU.Build.0 = Debug|Any CPU
		{2A04DEC4-B629-436F-974F-4572EFE8B38E}.Debug|x64.ActiveCfg = Debug|Any CPU
		{2A04DEC4-B629-436F-974F-4572EFE8B38E}.Debug|x64.Build.0 = Debug|Any CPU
		{2A04DEC4-B629-436F-974F-4572EFE8B38E}.Debug|x86.ActiveCfg = Debug|Any CPU
		{2A04DEC4-B629-436F-974F-4572EFE8B38E}.Debug|x86.Build.0 = Debug|Any CPU
		{2A04DEC4-B629-436F-974F-4572EFE8B38E}.Release|Any CPU.ActiveCfg = Release|Any CPU
		{2A04DEC4-B629-436F-974F-4572EFE8B38E}.Release|Any CPU.Build.0 = Release|Any CPU
		{2A04DEC4-B629-436F-974F-4572EFE8B38E}.Release|x64.ActiveCfg = Release|Any CPU
		{2A04DEC4-B629-436F-974F-4572EFE8B38E}.Release|x64.Build.0 = Release|Any CPU
		{2A04DEC4-B629-436F-974F-4572EFE8B38E}.Release|x86.ActiveCfg = Release|Any CPU
		{2A04DEC4-B629-436F-974F-4572EFE8B38E}.Release|x86.Build.0 = Release|Any CPU
		{AFF5FB6A-1575-4472-8001-CB998D82DB16}.Debug|Any CPU.ActiveCfg = Debug|Any CPU
		{AFF5FB6A-1575-4472-8001-CB998D82DB16}.Debug|Any CPU.Build.0 = Debug|Any CPU
		{AFF5FB6A-1575-4472-8001-CB998D82DB16}.Debug|x64.ActiveCfg = Debug|Any CPU
		{AFF5FB6A-1575-4472-8001-CB998D82DB16}.Debug|x64.Build.0 = Debug|Any CPU
		{AFF5FB6A-1575-4472-8001-CB998D82DB16}.Debug|x86.ActiveCfg = Debug|Any CPU
		{AFF5FB6A-1575-4472-8001-CB998D82DB16}.Debug|x86.Build.0 = Debug|Any CPU
		{AFF5FB6A-1575-4472-8001-CB998D82DB16}.Release|Any CPU.ActiveCfg = Release|Any CPU
		{AFF5FB6A-1575-4472-8001-CB998D82DB16}.Release|Any CPU.Build.0 = Release|Any CPU
		{AFF5FB6A-1575-4472-8001-CB998D82DB16}.Release|x64.ActiveCfg = Release|Any CPU
		{AFF5FB6A-1575-4472-8001-CB998D82DB16}.Release|x64.Build.0 = Release|Any CPU
		{AFF5FB6A-1575-4472-8001-CB998D82DB16}.Release|x86.ActiveCfg = Release|Any CPU
		{AFF5FB6A-1575-4472-8001-CB998D82DB16}.Release|x86.Build.0 = Release|Any CPU
		{8E051387-9ACF-4E7F-94FE-E1F4101FD0D9}.Debug|Any CPU.ActiveCfg = Debug|Any CPU
		{8E051387-9ACF-4E7F-94FE-E1F4101FD0D9}.Debug|Any CPU.Build.0 = Debug|Any CPU
		{8E051387-9ACF-4E7F-94FE-E1F4101FD0D9}.Debug|x64.ActiveCfg = Debug|Any CPU
		{8E051387-9ACF-4E7F-94FE-E1F4101FD0D9}.Debug|x64.Build.0 = Debug|Any CPU
		{8E051387-9ACF-4E7F-94FE-E1F4101FD0D9}.Debug|x86.ActiveCfg = Debug|Any CPU
		{8E051387-9ACF-4E7F-94FE-E1F4101FD0D9}.Debug|x86.Build.0 = Debug|Any CPU
		{8E051387-9ACF-4E7F-94FE-E1F4101FD0D9}.Release|Any CPU.ActiveCfg = Release|Any CPU
		{8E051387-9ACF-4E7F-94FE-E1F4101FD0D9}.Release|Any CPU.Build.0 = Release|Any CPU
		{8E051387-9ACF-4E7F-94FE-E1F4101FD0D9}.Release|x64.ActiveCfg = Release|Any CPU
		{8E051387-9ACF-4E7F-94FE-E1F4101FD0D9}.Release|x64.Build.0 = Release|Any CPU
		{8E051387-9ACF-4E7F-94FE-E1F4101FD0D9}.Release|x86.ActiveCfg = Release|Any CPU
		{8E051387-9ACF-4E7F-94FE-E1F4101FD0D9}.Release|x86.Build.0 = Release|Any CPU
		{67FBC92A-A05E-41E7-AC5F-7A3255352415}.Debug|Any CPU.ActiveCfg = Debug|Any CPU
		{67FBC92A-A05E-41E7-AC5F-7A3255352415}.Debug|Any CPU.Build.0 = Debug|Any CPU
		{67FBC92A-A05E-41E7-AC5F-7A3255352415}.Debug|x64.ActiveCfg = Debug|Any CPU
		{67FBC92A-A05E-41E7-AC5F-7A3255352415}.Debug|x64.Build.0 = Debug|Any CPU
		{67FBC92A-A05E-41E7-AC5F-7A3255352415}.Debug|x86.ActiveCfg = Debug|Any CPU
		{67FBC92A-A05E-41E7-AC5F-7A3255352415}.Debug|x86.Build.0 = Debug|Any CPU
		{67FBC92A-A05E-41E7-AC5F-7A3255352415}.Release|Any CPU.ActiveCfg = Release|Any CPU
		{67FBC92A-A05E-41E7-AC5F-7A3255352415}.Release|Any CPU.Build.0 = Release|Any CPU
		{67FBC92A-A05E-41E7-AC5F-7A3255352415}.Release|x64.ActiveCfg = Release|Any CPU
		{67FBC92A-A05E-41E7-AC5F-7A3255352415}.Release|x64.Build.0 = Release|Any CPU
		{67FBC92A-A05E-41E7-AC5F-7A3255352415}.Release|x86.ActiveCfg = Release|Any CPU
		{67FBC92A-A05E-41E7-AC5F-7A3255352415}.Release|x86.Build.0 = Release|Any CPU
		{41BFC75C-F2AC-4C5B-A93F-B7BA4FD6AE6F}.Debug|Any CPU.ActiveCfg = Debug|Any CPU
		{41BFC75C-F2AC-4C5B-A93F-B7BA4FD6AE6F}.Debug|Any CPU.Build.0 = Debug|Any CPU
		{41BFC75C-F2AC-4C5B-A93F-B7BA4FD6AE6F}.Debug|x64.ActiveCfg = Debug|Any CPU
		{41BFC75C-F2AC-4C5B-A93F-B7BA4FD6AE6F}.Debug|x64.Build.0 = Debug|Any CPU
		{41BFC75C-F2AC-4C5B-A93F-B7BA4FD6AE6F}.Debug|x86.ActiveCfg = Debug|Any CPU
		{41BFC75C-F2AC-4C5B-A93F-B7BA4FD6AE6F}.Debug|x86.Build.0 = Debug|Any CPU
		{41BFC75C-F2AC-4C5B-A93F-B7BA4FD6AE6F}.Release|Any CPU.ActiveCfg = Release|Any CPU
		{41BFC75C-F2AC-4C5B-A93F-B7BA4FD6AE6F}.Release|Any CPU.Build.0 = Release|Any CPU
		{41BFC75C-F2AC-4C5B-A93F-B7BA4FD6AE6F}.Release|x64.ActiveCfg = Release|Any CPU
		{41BFC75C-F2AC-4C5B-A93F-B7BA4FD6AE6F}.Release|x64.Build.0 = Release|Any CPU
		{41BFC75C-F2AC-4C5B-A93F-B7BA4FD6AE6F}.Release|x86.ActiveCfg = Release|Any CPU
		{41BFC75C-F2AC-4C5B-A93F-B7BA4FD6AE6F}.Release|x86.Build.0 = Release|Any CPU
		{7BCA63E0-B51A-4969-B8BC-18F7ADE0175C}.Debug|Any CPU.ActiveCfg = Debug|Any CPU
		{7BCA63E0-B51A-4969-B8BC-18F7ADE0175C}.Debug|Any CPU.Build.0 = Debug|Any CPU
		{7BCA63E0-B51A-4969-B8BC-18F7ADE0175C}.Debug|x64.ActiveCfg = Debug|Any CPU
		{7BCA63E0-B51A-4969-B8BC-18F7ADE0175C}.Debug|x64.Build.0 = Debug|Any CPU
		{7BCA63E0-B51A-4969-B8BC-18F7ADE0175C}.Debug|x86.ActiveCfg = Debug|Any CPU
		{7BCA63E0-B51A-4969-B8BC-18F7ADE0175C}.Debug|x86.Build.0 = Debug|Any CPU
		{7BCA63E0-B51A-4969-B8BC-18F7ADE0175C}.Release|Any CPU.ActiveCfg = Release|Any CPU
		{7BCA63E0-B51A-4969-B8BC-18F7ADE0175C}.Release|Any CPU.Build.0 = Release|Any CPU
		{7BCA63E0-B51A-4969-B8BC-18F7ADE0175C}.Release|x64.ActiveCfg = Release|Any CPU
		{7BCA63E0-B51A-4969-B8BC-18F7ADE0175C}.Release|x64.Build.0 = Release|Any CPU
		{7BCA63E0-B51A-4969-B8BC-18F7ADE0175C}.Release|x86.ActiveCfg = Release|Any CPU
		{7BCA63E0-B51A-4969-B8BC-18F7ADE0175C}.Release|x86.Build.0 = Release|Any CPU
		{F481CE04-689F-4A0D-9B9E-5CD4B227C55E}.Debug|Any CPU.ActiveCfg = Debug|Any CPU
		{F481CE04-689F-4A0D-9B9E-5CD4B227C55E}.Debug|Any CPU.Build.0 = Debug|Any CPU
		{F481CE04-689F-4A0D-9B9E-5CD4B227C55E}.Debug|x64.ActiveCfg = Debug|Any CPU
		{F481CE04-689F-4A0D-9B9E-5CD4B227C55E}.Debug|x64.Build.0 = Debug|Any CPU
		{F481CE04-689F-4A0D-9B9E-5CD4B227C55E}.Debug|x86.ActiveCfg = Debug|Any CPU
		{F481CE04-689F-4A0D-9B9E-5CD4B227C55E}.Debug|x86.Build.0 = Debug|Any CPU
		{F481CE04-689F-4A0D-9B9E-5CD4B227C55E}.Release|Any CPU.ActiveCfg = Release|Any CPU
		{F481CE04-689F-4A0D-9B9E-5CD4B227C55E}.Release|Any CPU.Build.0 = Release|Any CPU
		{F481CE04-689F-4A0D-9B9E-5CD4B227C55E}.Release|x64.ActiveCfg = Release|Any CPU
		{F481CE04-689F-4A0D-9B9E-5CD4B227C55E}.Release|x64.Build.0 = Release|Any CPU
		{F481CE04-689F-4A0D-9B9E-5CD4B227C55E}.Release|x86.ActiveCfg = Release|Any CPU
		{F481CE04-689F-4A0D-9B9E-5CD4B227C55E}.Release|x86.Build.0 = Release|Any CPU
		{02AE6D3D-DB81-443F-B82D-67556CAFB536}.Debug|Any CPU.ActiveCfg = Debug|Any CPU
		{02AE6D3D-DB81-443F-B82D-67556CAFB536}.Debug|Any CPU.Build.0 = Debug|Any CPU
		{02AE6D3D-DB81-443F-B82D-67556CAFB536}.Debug|x64.ActiveCfg = Debug|Any CPU
		{02AE6D3D-DB81-443F-B82D-67556CAFB536}.Debug|x64.Build.0 = Debug|Any CPU
		{02AE6D3D-DB81-443F-B82D-67556CAFB536}.Debug|x86.ActiveCfg = Debug|Any CPU
		{02AE6D3D-DB81-443F-B82D-67556CAFB536}.Debug|x86.Build.0 = Debug|Any CPU
		{02AE6D3D-DB81-443F-B82D-67556CAFB536}.Release|Any CPU.ActiveCfg = Release|Any CPU
		{02AE6D3D-DB81-443F-B82D-67556CAFB536}.Release|Any CPU.Build.0 = Release|Any CPU
		{02AE6D3D-DB81-443F-B82D-67556CAFB536}.Release|x64.ActiveCfg = Release|Any CPU
		{02AE6D3D-DB81-443F-B82D-67556CAFB536}.Release|x64.Build.0 = Release|Any CPU
		{02AE6D3D-DB81-443F-B82D-67556CAFB536}.Release|x86.ActiveCfg = Release|Any CPU
		{02AE6D3D-DB81-443F-B82D-67556CAFB536}.Release|x86.Build.0 = Release|Any CPU
		{3E1232BE-DB71-4C98-925F-8B7B12A35390}.Debug|Any CPU.ActiveCfg = Debug|Any CPU
		{3E1232BE-DB71-4C98-925F-8B7B12A35390}.Debug|Any CPU.Build.0 = Debug|Any CPU
		{3E1232BE-DB71-4C98-925F-8B7B12A35390}.Debug|x64.ActiveCfg = Debug|Any CPU
		{3E1232BE-DB71-4C98-925F-8B7B12A35390}.Debug|x64.Build.0 = Debug|Any CPU
		{3E1232BE-DB71-4C98-925F-8B7B12A35390}.Debug|x86.ActiveCfg = Debug|Any CPU
		{3E1232BE-DB71-4C98-925F-8B7B12A35390}.Debug|x86.Build.0 = Debug|Any CPU
		{3E1232BE-DB71-4C98-925F-8B7B12A35390}.Release|Any CPU.ActiveCfg = Release|Any CPU
		{3E1232BE-DB71-4C98-925F-8B7B12A35390}.Release|Any CPU.Build.0 = Release|Any CPU
		{3E1232BE-DB71-4C98-925F-8B7B12A35390}.Release|x64.ActiveCfg = Release|Any CPU
		{3E1232BE-DB71-4C98-925F-8B7B12A35390}.Release|x64.Build.0 = Release|Any CPU
		{3E1232BE-DB71-4C98-925F-8B7B12A35390}.Release|x86.ActiveCfg = Release|Any CPU
		{3E1232BE-DB71-4C98-925F-8B7B12A35390}.Release|x86.Build.0 = Release|Any CPU
		{57DADF0C-495C-48DF-8009-478FF0AD5ACE}.Debug|Any CPU.ActiveCfg = Debug|Any CPU
		{57DADF0C-495C-48DF-8009-478FF0AD5ACE}.Debug|Any CPU.Build.0 = Debug|Any CPU
		{57DADF0C-495C-48DF-8009-478FF0AD5ACE}.Debug|x64.ActiveCfg = Debug|Any CPU
		{57DADF0C-495C-48DF-8009-478FF0AD5ACE}.Debug|x64.Build.0 = Debug|Any CPU
		{57DADF0C-495C-48DF-8009-478FF0AD5ACE}.Debug|x86.ActiveCfg = Debug|Any CPU
		{57DADF0C-495C-48DF-8009-478FF0AD5ACE}.Debug|x86.Build.0 = Debug|Any CPU
		{57DADF0C-495C-48DF-8009-478FF0AD5ACE}.Release|Any CPU.ActiveCfg = Release|Any CPU
		{57DADF0C-495C-48DF-8009-478FF0AD5ACE}.Release|Any CPU.Build.0 = Release|Any CPU
		{57DADF0C-495C-48DF-8009-478FF0AD5ACE}.Release|x64.ActiveCfg = Release|Any CPU
		{57DADF0C-495C-48DF-8009-478FF0AD5ACE}.Release|x64.Build.0 = Release|Any CPU
		{57DADF0C-495C-48DF-8009-478FF0AD5ACE}.Release|x86.ActiveCfg = Release|Any CPU
		{57DADF0C-495C-48DF-8009-478FF0AD5ACE}.Release|x86.Build.0 = Release|Any CPU
		{8A500C3F-1E02-4D7A-B6EE-6C09B8074D13}.Debug|Any CPU.ActiveCfg = Debug|Any CPU
		{8A500C3F-1E02-4D7A-B6EE-6C09B8074D13}.Debug|Any CPU.Build.0 = Debug|Any CPU
		{8A500C3F-1E02-4D7A-B6EE-6C09B8074D13}.Debug|x64.ActiveCfg = Debug|Any CPU
		{8A500C3F-1E02-4D7A-B6EE-6C09B8074D13}.Debug|x64.Build.0 = Debug|Any CPU
		{8A500C3F-1E02-4D7A-B6EE-6C09B8074D13}.Debug|x86.ActiveCfg = Debug|Any CPU
		{8A500C3F-1E02-4D7A-B6EE-6C09B8074D13}.Debug|x86.Build.0 = Debug|Any CPU
		{8A500C3F-1E02-4D7A-B6EE-6C09B8074D13}.Release|Any CPU.ActiveCfg = Release|Any CPU
		{8A500C3F-1E02-4D7A-B6EE-6C09B8074D13}.Release|Any CPU.Build.0 = Release|Any CPU
		{8A500C3F-1E02-4D7A-B6EE-6C09B8074D13}.Release|x64.ActiveCfg = Release|Any CPU
		{8A500C3F-1E02-4D7A-B6EE-6C09B8074D13}.Release|x64.Build.0 = Release|Any CPU
		{8A500C3F-1E02-4D7A-B6EE-6C09B8074D13}.Release|x86.ActiveCfg = Release|Any CPU
		{8A500C3F-1E02-4D7A-B6EE-6C09B8074D13}.Release|x86.Build.0 = Release|Any CPU
		{38C01044-B840-4339-B137-3D558CF4BBE2}.Debug|Any CPU.ActiveCfg = Debug|Any CPU
		{38C01044-B840-4339-B137-3D558CF4BBE2}.Debug|Any CPU.Build.0 = Debug|Any CPU
		{38C01044-B840-4339-B137-3D558CF4BBE2}.Debug|x64.ActiveCfg = Debug|Any CPU
		{38C01044-B840-4339-B137-3D558CF4BBE2}.Debug|x64.Build.0 = Debug|Any CPU
		{38C01044-B840-4339-B137-3D558CF4BBE2}.Debug|x86.ActiveCfg = Debug|Any CPU
		{38C01044-B840-4339-B137-3D558CF4BBE2}.Debug|x86.Build.0 = Debug|Any CPU
		{38C01044-B840-4339-B137-3D558CF4BBE2}.Release|Any CPU.ActiveCfg = Release|Any CPU
		{38C01044-B840-4339-B137-3D558CF4BBE2}.Release|Any CPU.Build.0 = Release|Any CPU
		{38C01044-B840-4339-B137-3D558CF4BBE2}.Release|x64.ActiveCfg = Release|Any CPU
		{38C01044-B840-4339-B137-3D558CF4BBE2}.Release|x64.Build.0 = Release|Any CPU
		{38C01044-B840-4339-B137-3D558CF4BBE2}.Release|x86.ActiveCfg = Release|Any CPU
		{38C01044-B840-4339-B137-3D558CF4BBE2}.Release|x86.Build.0 = Release|Any CPU
		{4187830D-5138-452B-94EC-A2C4A77FD0B9}.Debug|Any CPU.ActiveCfg = Debug|Any CPU
		{4187830D-5138-452B-94EC-A2C4A77FD0B9}.Debug|Any CPU.Build.0 = Debug|Any CPU
		{4187830D-5138-452B-94EC-A2C4A77FD0B9}.Debug|x64.ActiveCfg = Debug|Any CPU
		{4187830D-5138-452B-94EC-A2C4A77FD0B9}.Debug|x64.Build.0 = Debug|Any CPU
		{4187830D-5138-452B-94EC-A2C4A77FD0B9}.Debug|x86.ActiveCfg = Debug|Any CPU
		{4187830D-5138-452B-94EC-A2C4A77FD0B9}.Debug|x86.Build.0 = Debug|Any CPU
		{4187830D-5138-452B-94EC-A2C4A77FD0B9}.Release|Any CPU.ActiveCfg = Release|Any CPU
		{4187830D-5138-452B-94EC-A2C4A77FD0B9}.Release|Any CPU.Build.0 = Release|Any CPU
		{4187830D-5138-452B-94EC-A2C4A77FD0B9}.Release|x64.ActiveCfg = Release|Any CPU
		{4187830D-5138-452B-94EC-A2C4A77FD0B9}.Release|x64.Build.0 = Release|Any CPU
		{4187830D-5138-452B-94EC-A2C4A77FD0B9}.Release|x86.ActiveCfg = Release|Any CPU
		{4187830D-5138-452B-94EC-A2C4A77FD0B9}.Release|x86.Build.0 = Release|Any CPU
	EndGlobalSection
	GlobalSection(SolutionProperties) = preSolution
		HideSolutionNode = FALSE
	EndGlobalSection
	GlobalSection(NestedProjects) = preSolution
		{AFF5FB6A-1575-4472-8001-CB998D82DB16} = {C0CDB5AA-BB33-4433-AF3F-2ADF8D5A671C}
		{8E051387-9ACF-4E7F-94FE-E1F4101FD0D9} = {C0CDB5AA-BB33-4433-AF3F-2ADF8D5A671C}
		{67FBC92A-A05E-41E7-AC5F-7A3255352415} = {C0CDB5AA-BB33-4433-AF3F-2ADF8D5A671C}
		{41BFC75C-F2AC-4C5B-A93F-B7BA4FD6AE6F} = {C0CDB5AA-BB33-4433-AF3F-2ADF8D5A671C}
		{7BCA63E0-B51A-4969-B8BC-18F7ADE0175C} = {C0CDB5AA-BB33-4433-AF3F-2ADF8D5A671C}
		{F481CE04-689F-4A0D-9B9E-5CD4B227C55E} = {C0CDB5AA-BB33-4433-AF3F-2ADF8D5A671C}
		{02AE6D3D-DB81-443F-B82D-67556CAFB536} = {C0CDB5AA-BB33-4433-AF3F-2ADF8D5A671C}
		{3E1232BE-DB71-4C98-925F-8B7B12A35390} = {C0CDB5AA-BB33-4433-AF3F-2ADF8D5A671C}
		{57DADF0C-495C-48DF-8009-478FF0AD5ACE} = {C0CDB5AA-BB33-4433-AF3F-2ADF8D5A671C}
		{8A500C3F-1E02-4D7A-B6EE-6C09B8074D13} = {C0CDB5AA-BB33-4433-AF3F-2ADF8D5A671C}
		{38C01044-B840-4339-B137-3D558CF4BBE2} = {C0CDB5AA-BB33-4433-AF3F-2ADF8D5A671C}
		{4187830D-5138-452B-94EC-A2C4A77FD0B9} = {C0CDB5AA-BB33-4433-AF3F-2ADF8D5A671C}
	EndGlobalSection
	GlobalSection(ExtensibilityGlobals) = postSolution
		SolutionGuid = {57F91A6D-4558-4B7A-9468-7955397CAE03}
	EndGlobalSection
EndGlobal
